
Microsoft Visual Studio Solution File, Format Version 12.00
# Visual Studio Version 17
VisualStudioVersion = 17.6.33723.286
MinimumVisualStudioVersion = 10.0.40219.1
Project("{9A19103F-16F7-4668-BE54-9A1E7A4F7556}") = "Catalog.API", "Services\Catalog\Catalog.API\Catalog.API.csproj", "{D5E463AD-F598-4B85-8ACC-967D4FEB7205}"
EndProject
Project("{E53339B2-1760-4266-BCC7-CA923CBCF16C}") = "docker-compose", "docker-compose.dcproj", "{CBF53765-7719-499F-B398-94D5CA98F406}"
EndProject
Project("{9A19103F-16F7-4668-BE54-9A1E7A4F7556}") = "Basket.API", "Services\Basket\Basket.API\Basket.API.csproj", "{001154F6-87F1-4EA0-BB34-7CE9212727B9}"
EndProject
Project("{FAE04EC0-301F-11D3-BF4B-00C04F79EFBC}") = "Discount.API", "Services\Discount\Discount.API\Discount.API.csproj", "{605FAE99-865E-410B-B434-FCC18131541F}"
EndProject
Project("{2150E333-8FDC-42A3-9474-1A3956D46DE8}") = "Services", "Services", "{2DC3DA66-8D7E-4D63-9046-F5A4056F9E28}"
EndProject
Project("{2150E333-8FDC-42A3-9474-1A3956D46DE8}") = "Catalog", "Catalog", "{1A39C1AB-4022-4142-B05C-3B97273F4AB5}"
EndProject
Project("{2150E333-8FDC-42A3-9474-1A3956D46DE8}") = "Basket", "Basket", "{7CAD1A66-1482-48FF-B6E0-C439DAC760F9}"
EndProject
Project("{2150E333-8FDC-42A3-9474-1A3956D46DE8}") = "Discount", "Discount", "{09915F55-C44A-4233-8DB9-913A9784A8E7}"
EndProject
Project("{FAE04EC0-301F-11D3-BF4B-00C04F79EFBC}") = "Discount.Grpc", "Services\Discount\Discount.Grpc\Discount.Grpc.csproj", "{40C62F5D-D11D-444E-8B43-04A9E31EBA1B}"
EndProject
Global
	GlobalSection(SolutionConfigurationPlatforms) = preSolution
		Debug|Any CPU = Debug|Any CPU
		Release|Any CPU = Release|Any CPU
	EndGlobalSection
	GlobalSection(ProjectConfigurationPlatforms) = postSolution
		{D5E463AD-F598-4B85-8ACC-967D4FEB7205}.Debug|Any CPU.ActiveCfg = Debug|Any CPU
		{D5E463AD-F598-4B85-8ACC-967D4FEB7205}.Debug|Any CPU.Build.0 = Debug|Any CPU
		{D5E463AD-F598-4B85-8ACC-967D4FEB7205}.Release|Any CPU.ActiveCfg = Release|Any CPU
		{D5E463AD-F598-4B85-8ACC-967D4FEB7205}.Release|Any CPU.Build.0 = Release|Any CPU
		{CBF53765-7719-499F-B398-94D5CA98F406}.Debug|Any CPU.ActiveCfg = Debug|Any CPU
		{CBF53765-7719-499F-B398-94D5CA98F406}.Debug|Any CPU.Build.0 = Debug|Any CPU
		{CBF53765-7719-499F-B398-94D5CA98F406}.Release|Any CPU.ActiveCfg = Release|Any CPU
		{CBF53765-7719-499F-B398-94D5CA98F406}.Release|Any CPU.Build.0 = Release|Any CPU
		{001154F6-87F1-4EA0-BB34-7CE9212727B9}.Debug|Any CPU.ActiveCfg = Debug|Any CPU
		{001154F6-87F1-4EA0-BB34-7CE9212727B9}.Debug|Any CPU.Build.0 = Debug|Any CPU
		{001154F6-87F1-4EA0-BB34-7CE9212727B9}.Release|Any CPU.ActiveCfg = Release|Any CPU
		{001154F6-87F1-4EA0-BB34-7CE9212727B9}.Release|Any CPU.Build.0 = Release|Any CPU
		{605FAE99-865E-410B-B434-FCC18131541F}.Debug|Any CPU.ActiveCfg = Debug|Any CPU
		{605FAE99-865E-410B-B434-FCC18131541F}.Debug|Any CPU.Build.0 = Debug|Any CPU
		{605FAE99-865E-410B-B434-FCC18131541F}.Release|Any CPU.ActiveCfg = Release|Any CPU
		{605FAE99-865E-410B-B434-FCC18131541F}.Release|Any CPU.Build.0 = Release|Any CPU
		{40C62F5D-D11D-444E-8B43-04A9E31EBA1B}.Debug|Any CPU.ActiveCfg = Debug|Any CPU
		{40C62F5D-D11D-444E-8B43-04A9E31EBA1B}.Debug|Any CPU.Build.0 = Debug|Any CPU
		{40C62F5D-D11D-444E-8B43-04A9E31EBA1B}.Release|Any CPU.ActiveCfg = Release|Any CPU
		{40C62F5D-D11D-444E-8B43-04A9E31EBA1B}.Release|Any CPU.Build.0 = Release|Any CPU
	EndGlobalSection
	GlobalSection(SolutionProperties) = preSolution
		HideSolutionNode = FALSE
	EndGlobalSection
	GlobalSection(NestedProjects) = preSolution
		{D5E463AD-F598-4B85-8ACC-967D4FEB7205} = {1A39C1AB-4022-4142-B05C-3B97273F4AB5}
		{001154F6-87F1-4EA0-BB34-7CE9212727B9} = {7CAD1A66-1482-48FF-B6E0-C439DAC760F9}
		{605FAE99-865E-410B-B434-FCC18131541F} = {09915F55-C44A-4233-8DB9-913A9784A8E7}
		{1A39C1AB-4022-4142-B05C-3B97273F4AB5} = {2DC3DA66-8D7E-4D63-9046-F5A4056F9E28}
		{7CAD1A66-1482-48FF-B6E0-C439DAC760F9} = {2DC3DA66-8D7E-4D63-9046-F5A4056F9E28}
		{09915F55-C44A-4233-8DB9-913A9784A8E7} = {2DC3DA66-8D7E-4D63-9046-F5A4056F9E28}
		{40C62F5D-D11D-444E-8B43-04A9E31EBA1B} = {09915F55-C44A-4233-8DB9-913A9784A8E7}
	EndGlobalSection
	GlobalSection(ExtensibilityGlobals) = postSolution
		SolutionGuid = {05F8A8BC-3BD2-477A-9CA9-C9344A897BB0}
	EndGlobalSection
EndGlobal
